github.com/pointlander/bigfloat v0.0.0-20201117002721-9d401d9130b4 h1:f9NeSRFBk4SZjfOWoa9/awEhWp2RklRC1WGYXKD+FGs=
github.com/pointlander/bigfloat v0.0.0-20201117002721-9d401d9130b4/go.mod h1:b19QN7yorMusM5S22nrPQHtgQFz7eFaZVEDQUE0N+tA=
github.com/pointlander/bigfloat v0.0.0-20201211040007-2034219fcdd4 h1:Uu2OrXR+yfJ3C2z/Z7y6dTiKi02TPeIJ665uNSP7918=
github.com/pointlander/bigfloat v0.0.0-20201211040007-2034219fcdd4/go.mod h1:b19QN7yorMusM5S22nrPQHtgQFz7eFaZVEDQUE0N+tA=
